github.com/andybalholm/brotli v1.0.4 h1:V7DdXeJtZscaqfNuAdSRuRFzuiKlHSC/Zh3zl9qY3JY=
github.com/andybalholm/brotli v1.0.4/go.mod h1:fO7iG3H7G2nSZ7m0zPUDn85XEX2GTukHGRSepvi9Eig=
github.com/coreos/go-systemd/v22 v22.3.2/go.mod h1:Y58oyj3AT4RCenI/lSvhwexgC+NSVTIJ3seZv2GcEnc=
github.com/fasthttp/router v1.4.8 h1:4zj4sAzXibjA6ZW19MdMe3GaYD1SM+TXrMLzHcVMBOI=
github.com/fasthttp/router v1.4.8/go.mod h1:UUtJdXFYlqYRQ32EAtWOvNYIZ1XfyC5JJIknWai6foI=
github.com/go-mojito/handlebars v0.0.0-20220504204259-4594337b14f6 h1:1C2pKc/89mK7X2DLIyquTfsv0c+2t3ixfOMuPsKEM/k=
github.com/go-mojito/handlebars v0.0.0-20220504204259-4594337b14f6/go.mod h1:tkar81tc8MMt63rLGG7RWcQ4ByStEZHY/VHICd0R3Uk=
github.com/go-mojito/logger-zerolog v0.0.0-20220506233345-5b15ee2863bd h1:KT3b0lOySXOfkuUUH5+2AmA455FGvrHhFdL9KYblnrs=
github.com/go-mojito/logger-zerolog v0.0.0-20220506233345-5b15ee2863bd/go.mod h1:BPaFiotxbqX1SkyvVbMgnl1ibbwcPhtAIfNdcJZHc3U=
github.com/go-mojito/logger-zerolog v0.0.0-20220506234857-c633a888040f h1:2cJer0IKRj73yzaL5/vi8cxUMFn3F0hglk9ftIzfwMM=
github.com/go-mojito/logger-zerolog v0.0.0-20220506234857-c633a888040f/go.mod h1:BPaFiotxbqX1SkyvVbMgnl1ibbwcPhtAIfNdcJZHc3U=
github.com/go-mojito/mojito v0.0.1 h1:UA04gSD+dqP3XMmfZtMSug79OCfTbfIefe0U0yieX7k=
github.com/go-mojito/mojito v0.0.1/go.mod h1:zrxadGUw1JJjkkadzzAPE4JntL8BIJddGqwxqjGsNTg=
github.com/go-mojito/mojito v0.0.4 h1:2o833CAg3KaVx9+4+L3ErMOKuFEsuwDtU29EC9YWlsk=
github.com/go-mojito/mojito v0.0.4/go.mod h1:zO5bbG8Ts7MwZqqjErV5BBA+TqbV7FVgKYFG9RZaVKU=
github.com/go-mojito/router-fasthttp v0.0.0-20220504210457-06fca8c34932 h1:fo/NKzPh2v6J0u0+pBgYCRAYs1u35pz0YWbJlGkjTzk=
github.com/go-mojito/router-fasthttp v0.0.0-20220504210457-06fca8c34932/go.mod h1:r4LmBpay+p4NcU1/GR8K6dN1WSkikO7raOLcpHGa8zo=
github.com/go-mojito/router-fasthttp v0.0.0-20220506002241-437af4117a40 h1:7iue3M/t8Rt1FoJlbmIT9pk3yLykN9V4Dj39ZSCljY8=
github.com/go-mojito/router-fasthttp v0.0.0-20220506002241-437af4117a40/go.mod h1:UNhVSBmsmvr2SC4GJzjF2BSKnI/q4HdXgU9Q2yn2vDk=
github.com/godbus/dbus/v5 v5.0.4/go.mod h1:xhWf0FNVPg57R7Z0UbKHbJfkEywrmjJnf7w5xrFpKfA=
github.com/google/uuid v1.3.0/go.mod h1:TIyPZe4MgqvfeYDBFedMoGGpEw/LqOeaOT+nhxU+yHo=
github.com/infinytum/injector v0.0.1 h1:MYHfr75NAeQ66YKDYaer6BgHLbD/UD3o/mCTZcEnXjA=
github.com/infinytum/injector v0.0.1/go.mod h1:/8absiTs7Afl21cGagOLkXPrypVGZrOSkH4qu/IsP28=
github.com/infinytum/injector v0.0.2 h1:isJZ27MvijpoQzzJaOWLqfyczp1EP9CM786Ef1KelFI=
github.com/infinytum/injector v0.0.2/go.mod h1:/8absiTs7Afl21cGagOLkXPrypVGZrOSkH4qu/IsP28=
github.com/infinytum/raymond/v2 v2.0.5 h1:sdbPMfhNnNI9c5gxDPfbgoFYlwTgg4UlSjxqvYnSodY=
github.com/infinytum/raymond/v2 v2.0.5/go.mod h1:XWq3aImVLUPbCm+hFxmqjIMaBm10z+WjtxLtR0P8oVs=
github.com/infinytum/structures v0.0.2 h1:h/0EvNICrqynCKaKoO/6djR+cPLS2wj8KHAzPt0r4k0=
github.com/infinytum/structures v0.0.2/go.mod h1:4vDl7BamOX2fF0B+h2n/xGIorGv1u9ZQ9wgF6IW/Kc8=
github.com/julienschmidt/httprouter v1.3.0 h1:U0609e9tgbseu3rBINet9P48AI/D3oJs4dN7jwJOQ1U=
github.com/julienschmidt/httprouter v1.3.0/go.mod h1:JR6WtHb+2LUe8TCKY3cZOxFyyO8IZAc4RVcycCCAKdM=
github.com/klauspost/compress v1.15.0 h1:xqfchp4whNFxn5A4XFyyYtitiWI8Hy5EW59jEwcyL6U=
github.com/klauspost/compress v1.15.0/go.mod h1:/3/Vjq9QcHkK5uEr5lBEmyoZ1iFhe47etQ6QUkpK6sk=
github.com/mitchellh/hashstructure/v2 v2.0.2 h1:vGKWl0YJqUNxE8d+h8f6NJLcCJrgbhC4NcD46KavDd4=
github.com/mitchellh/hashstructure/v2 v2.0.2/go.mod h1:MG3aRVU/N29oo/V/IhBX8GR/zz4kQkprJgF2EVszyDE=
github.com/pkg/errors v0.9.1/go.mod h1:bwawxfHBFNV+L2hUp1rHADufV3IMtnDRdf1r5NINEl0=
github.com/rs/xid v1.3.0/go.mod h1:trrq9SKmegXys3aeAKXMUTdJsYXVwGY3RLcfgqegfbg=
github.com/rs/zerolog v1.26.1 h1:/ihwxqH+4z8UxyI70wM1z9yCvkWcfz/a3mj48k/Zngc=
github.com/rs/zerolog v1.26.1/go.mod h1:/wSSJWX7lVrsOwlbyTRSOJvqRlc+WjWlfes+CiJ+tmc=
github.com/savsgio/gotils v0.0.0-20220401102855-e56b59f40436 h1:sfTahD3f2BSjx9U3R4K09PkNuZZWthT7g6vzTIXNWkM=
github.com/savsgio/gotils v0.0.0-20220401102855-e56b59f40436/go.mod h1:Gy+0tqhJvgGlqnTF8CVGP0AaGRjwBtXs/a5PA0Y3+A4=
github.com/valyala/bytebufferpool v1.0.0 h1:GqA5TC/0021Y/b9FG4Oi9Mr3q7XYx6KllzawFIhcdPw=
github.com/valyala/bytebufferpool v1.0.0/go.mod h1:6bBcMArwyJ5K/AmCkWv1jt77kVWyCJ6HpOuEn7z0Csc=
github.com/valyala/fasthttp v1.35.0/go.mod h1:t/G+3rLek+CyY9bnIE+YlMRddxVAAGjhxndDB4i4C0I=
github.com/valyala/fasthttp v1.36.0 h1:NhqfO/cB7Ajn1czkKnWkMHyPYr5nyND14ZGPk23g0/c=
github.com/valyala/fasthttp v1.36.0/go.mod h1:t/G+3rLek+CyY9bnIE+YlMRddxVAAGjhxndDB4i4C0I=
github.com/valyala/tcplisten v1.0.0/go.mod h1:T0xQ8SeCZGxckz9qRXTfG43PvQ/mcWh7FwZEA7Ioqkc=
github.com/yuin/goldmark v1.4.0/go.mod h1:mwnBkeHKe2W/ZEtQ+71ViKU8L12m81fl3OWwC1Zlc8k=
golang.org/x/crypto v0.0.0-20190308221718-c2843e01d9a2/go.mod h1:djNgcEr1/C05ACkg1iLfiJU5Ep61QUkGW8qpdssI0+w=
golang.org/x/crypto v0.0.0-20191011191535-87dc89f01550/go.mod h1:yigFU9vqHzYiE8UmvKecakEJjdnWj3jj499lnFckfCI=
golang.org/x/crypto v0.0.0-20211215165025-cf75a172585e/go.mod h1:P+XmwS30IXTQdn5tA2iutPOUgjI07+tq3H3K9MVA1s8=
golang.org/x/crypto v0.0.0-20220214200702-86341886e292/go.mod h1:IxCIyHEi3zRg3s0A5j5BB6A9Jmi73HwBIUl50j+osU4=
golang.org/x/mod v0.4.2/go.mod h1:s0Qsj1ACt9ePp/hMypM3fl4fZqREWJwdYDEqhRiZZUA=
golang.org/x/net v0.0.0-20190404232315-eb5bcb51f2a3/go.mod h1:t9HGtf8HONx5eT2rtn7q6eTqICYqUVnKs3thJo3Qplg=
golang.org/x/net v0.0.0-20190620200207-3b0461eec859/go.mod h1:z5CRVTTTmAJ677TzLLGU+0bjPO0LkuOLi4/5GtJWs/s=
golang.org/x/net v0.0.0-20210226172049-e18ecbb05110/go.mod h1:m0MpNAwzfU5UDzcl9v0D8zg8gWTRqZa9RBIspLL5mdg=
golang.org/x/net v0.0.0-20210805182204-aaa1db679c0d/go.mod h1:9nx3DQGgdP8bBQD5qxJ1jj9UTztislL4KSBs9R2vV5Y=
golang.org/x/net v0.0.0-20211112202133-69e39bad7dc2/go.mod h1:9nx3DQGgdP8bBQD5qxJ1jj9UTztislL4KSBs9R2vV5Y=
golang.org/x/net v0.0.0-20220225172249-27dd8689420f/go.mod h1:CfG3xpIq0wQ8r1q4Su4UZFWDARRcnwPjda9FqA0JpMk=
golang.org/x/sync v0.0.0-20190423024810-112230192c58/go.mod h1:RxMgew5VJxzue5/jJTE5uejpjVlOe/izrB70Jof72aM=
golang.org/x/sync v0.0.0-20210220032951-036812b2e83c/go.mod h1:RxMgew5VJxzue5/jJTE5uejpjVlOe/izrB70Jof72aM=
golang.org/x/sys v0.0.0-20190215142949-d0b11bdaac8a/go.mod h1:STP8DvDyc/dI5b8T5hshtkjS+E42TnysNCUPdjciGhY=
golang.org/x/sys v0.0.0-20190412213103-97732733099d/go.mod h1:h1NjWce9XRLGQEsW7wpKNCjG9DtNlClVuFLEZdDNbEs=
golang.org/x/sys v0.0.0-20201119102817-f84b799fce68/go.mod h1:h1NjWce9XRLGQEsW7wpKNCjG9DtNlClVuFLEZdDNbEs=
golang.org/x/sys v0.0.0-20210423082822-04245dca01da/go.mod h1:h1NjWce9XRLGQEsW7wpKNCjG9DtNlClVuFLEZdDNbEs=
golang.org/x/sys v0.0.0-20210615035016-665e8c7367d1/go.mod h1:oPkhp1MJrh7nUepCBck5+mAzfO9JrbApNNgaTdGDITg=
golang.org/x/sys v0.0.0-20210809222454-d867a43fc93e/go.mod h1:oPkhp1MJrh7nUepCBck5+mAzfO9JrbApNNgaTdGDITg=
golang.org/x/sys v0.0.0-20211216021012-1d35b9e2eb4e/go.mod h1:oPkhp1MJrh7nUepCBck5+mAzfO9JrbApNNgaTdGDITg=
golang.org/x/sys v0.0.0-20220227234510-4e6760a101f9/go.mod h1:oPkhp1MJrh7nUepCBck5+mAzfO9JrbApNNgaTdGDITg=
golang.org/x/term v0.0.0-20201126162022-7de9c90e9dd1/go.mod h1:bj7SfCRtBDWHUb9snDiAeCFNEtKQo2Wmx5Cou7ajbmo=
golang.org/x/term v0.0.0-20210927222741-03fcf44c2211/go.mod h1:jbD1KX2456YbFQfuXm/mYQcufACuNUgVhRMnK/tPxf8=
golang.org/x/text v0.3.0/go.mod h1:NqM8EUOU14njkJ3fqMW+pc6Ldnwhi/IjpwHt7yyuwOQ=
golang.org/x/text v0.3.3/go.mod h1:5Zoc/QRtKVWzQhOtBMvqHzDpF6irO9z98xDceosuGiQ=
golang.org/x/text v0.3.6/go.mod h1:5Zoc/QRtKVWzQhOtBMvqHzDpF6irO9z98xDceosuGiQ=
golang.org/x/text v0.3.7/go.mod h1:u+2+/6zg+i71rQMx5EYifcz6MCKuco9NR6JIITiCfzQ=
golang.org/x/tools v0.0.0-20180917221912-90fa682c2a6e/go.mod h1:n7NCudcB/nEzxVGmLbDWY5pfWTLqBcC2KZ6jyYvM4mQ=
golang.org/x/tools v0.0.0-20191119224855-298f0cb1881e/go.mod h1:b+2E5dAYhXwXZwtnZ6UAqBI28+e2cm9otk0dWdXHAEo=
golang.org/x/tools v0.1.7/go.mod h1:LGqMHiF4EqQNHR1JncWGqT5BVaXmza+X+BDGol+dOxo=
golang.org/x/xerrors v0.0.0-20190717185122-a985d3407aa7/go.mod h1:I/5z698sn9Ka8TeJc9MKroUUfqBBauWjQqLJ2OPfmY0=
golang.org/x/xerrors v0.0.0-20191011141410-1b5146add898/go.mod h1:I/5z698sn9Ka8TeJc9MKroUUfqBBauWjQqLJ2OPfmY0=
golang.org/x/xerrors v0.0.0-20200804184101-5ec99f83aff1/go.mod h1:I/5z698sn9Ka8TeJc9MKroUUfqBBauWjQqLJ2OPfmY0=
gopkg.in/yaml.v2 v2.4.0 h1:D8xgwECY7CYvx+Y2n4sBz93Jn9JRvxdiyyo8CTfuKaY=
